// !$*UTF8*$!
{
	archiveVersion = 1;
	classes = {
	};
	objectVersion = 56;
	objects = {

/* Begin PBXBuildFile section */
		6E1E7FB12B4D2FDD00655B04 /* AppDelegate.swift in Sources */ = {isa = PBXBuildFile; fileRef = 6E1E7FB02B4D2FDD00655B04 /* AppDelegate.swift */; };
		6E1E7FB32B4D2FDD00655B04 /* SceneDelegate.swift in Sources */ = {isa = PBXBuildFile; fileRef = 6E1E7FB22B4D2FDD00655B04 /* SceneDelegate.swift */; };
		6E1E7FB52B4D2FDD00655B04 /* CityViewController.swift in Sources */ = {isa = PBXBuildFile; fileRef = 6E1E7FB42B4D2FDD00655B04 /* CityViewController.swift */; };
		6E1E7FB82B4D2FDD00655B04 /* Main.storyboard in Resources */ = {isa = PBXBuildFile; fileRef = 6E1E7FB62B4D2FDD00655B04 /* Main.storyboard */; };
		6E1E7FBA2B4D2FDE00655B04 /* Assets.xcassets in Resources */ = {isa = PBXBuildFile; fileRef = 6E1E7FB92B4D2FDE00655B04 /* Assets.xcassets */; };
		6E1E7FBD2B4D2FDE00655B04 /* LaunchScreen.storyboard in Resources */ = {isa = PBXBuildFile; fileRef = 6E1E7FBB2B4D2FDE00655B04 /* LaunchScreen.storyboard */; };
		6E1E7FC52B4D326F00655B04 /* CityInfo.swift in Sources */ = {isa = PBXBuildFile; fileRef = 6E1E7FC42B4D326F00655B04 /* CityInfo.swift */; };
		6E1E7FCF2B4D351500655B04 /* HeaderView.swift in Sources */ = {isa = PBXBuildFile; fileRef = 6E1E7FCE2B4D351500655B04 /* HeaderView.swift */; };
		6E1E7FD22B4D369B00655B04 /* UIImage+.swift in Sources */ = {isa = PBXBuildFile; fileRef = 6E1E7FD12B4D369B00655B04 /* UIImage+.swift */; };
		6E1E7FD62B4D372400655B04 /* Constant.swift in Sources */ = {isa = PBXBuildFile; fileRef = 6E1E7FD52B4D372400655B04 /* Constant.swift */; };
		6E1E7FD92B4D3EDF00655B04 /* CityCollectionViewCell.swift in Sources */ = {isa = PBXBuildFile; fileRef = 6E1E7FD72B4D3EDF00655B04 /* CityCollectionViewCell.swift */; };
		6E1E7FDA2B4D3EDF00655B04 /* CityCollectionViewCell.xib in Resources */ = {isa = PBXBuildFile; fileRef = 6E1E7FD82B4D3EDF00655B04 /* CityCollectionViewCell.xib */; };
		6E1E7FDD2B4D404F00655B04 /* Kingfisher in Frameworks */ = {isa = PBXBuildFile; productRef = 6E1E7FDC2B4D404F00655B04 /* Kingfisher */; };
		6E1E7FE02B4D4FB300655B04 /* CityError.swift in Sources */ = {isa = PBXBuildFile; fileRef = 6E1E7FDF2B4D4FB300655B04 /* CityError.swift */; };
/* End PBXBuildFile section */

/* Begin PBXFileReference section */
		6E1E7FAD2B4D2FDD00655B04 /* SeSAC-Mission-Day10-CollectionView.app */ = {isa = PBXFileReference; explicitFileType = wrapper.application; includeInIndex = 0; path = "SeSAC-Mission-Day10-CollectionView.app"; sourceTree = BUILT_PRODUCTS_DIR; };
		6E1E7FB02B4D2FDD00655B04 /* AppDelegate.swift */ = {isa = PBXFileReference; lastKnownFileType = sourcecode.swift; path = AppDelegate.swift; sourceTree = "<group>"; };
		6E1E7FB22B4D2FDD00655B04 /* SceneDelegate.swift */ = {isa = PBXFileReference; lastKnownFileType = sourcecode.swift; path = SceneDelegate.swift; sourceTree = "<group>"; };
		6E1E7FB42B4D2FDD00655B04 /* CityViewController.swift */ = {isa = PBXFileReference; lastKnownFileType = sourcecode.swift; path = CityViewController.swift; sourceTree = "<group>"; };
		6E1E7FB72B4D2FDD00655B04 /* Base */ = {isa = PBXFileReference; lastKnownFileType = file.storyboard; name = Base; path = Base.lproj/Main.storyboard; sourceTree = "<group>"; };
		6E1E7FB92B4D2FDE00655B04 /* Assets.xcassets */ = {isa = PBXFileReference; lastKnownFileType = folder.assetcatalog; path = Assets.xcassets; sourceTree = "<group>"; };
		6E1E7FBC2B4D2FDE00655B04 /* Base */ = {isa = PBXFileReference; lastKnownFileType = file.storyboard; name = Base; path = Base.lproj/LaunchScreen.storyboard; sourceTree = "<group>"; };
		6E1E7FBE2B4D2FDE00655B04 /* Info.plist */ = {isa = PBXFileReference; lastKnownFileType = text.plist.xml; path = Info.plist; sourceTree = "<group>"; };
		6E1E7FC42B4D326F00655B04 /* CityInfo.swift */ = {isa = PBXFileReference; fileEncoding = 4; lastKnownFileType = sourcecode.swift; path = CityInfo.swift; sourceTree = "<group>"; };
		6E1E7FCE2B4D351500655B04 /* HeaderView.swift */ = {isa = PBXFileReference; lastKnownFileType = sourcecode.swift; path = HeaderView.swift; sourceTree = "<group>"; };
		6E1E7FD12B4D369B00655B04 /* UIImage+.swift */ = {isa = PBXFileReference; lastKnownFileType = sourcecode.swift; path = "UIImage+.swift"; sourceTree = "<group>"; };
		6E1E7FD52B4D372400655B04 /* Constant.swift */ = {isa = PBXFileReference; lastKnownFileType = sourcecode.swift; path = Constant.swift; sourceTree = "<group>"; };
		6E1E7FD72B4D3EDF00655B04 /* CityCollectionViewCell.swift */ = {isa = PBXFileReference; lastKnownFileType = sourcecode.swift; path = CityCollectionViewCell.swift; sourceTree = "<group>"; };
		6E1E7FD82B4D3EDF00655B04 /* CityCollectionViewCell.xib */ = {isa = PBXFileReference; lastKnownFileType = file.xib; path = CityCollectionViewCell.xib; sourceTree = "<group>"; };
		6E1E7FDF2B4D4FB300655B04 /* CityError.swift */ = {isa = PBXFileReference; lastKnownFileType = sourcecode.swift; path = CityError.swift; sourceTree = "<group>"; };
/* End PBXFileReference section */

/* Begin PBXFrameworksBuildPhase section */
		6E1E7FAA2B4D2FDD00655B04 /* Frameworks */ = {
			isa = PBXFrameworksBuildPhase;
			buildActionMask = 2147483647;
			files = (
				6E1E7FDD2B4D404F00655B04 /* Kingfisher in Frameworks */,
			);
			runOnlyForDeploymentPostprocessing = 0;
		};
/* End PBXFrameworksBuildPhase section */

/* Begin PBXGroup section */
		6E1E7FA42B4D2FDD00655B04 = {
			isa = PBXGroup;
			children = (
				6E1E7FAF2B4D2FDD00655B04 /* SeSAC-Mission-Day10-CollectionView */,
				6E1E7FAE2B4D2FDD00655B04 /* Products */,
			);
			sourceTree = "<group>";
		};
		6E1E7FAE2B4D2FDD00655B04 /* Products */ = {
			isa = PBXGroup;
			children = (
				6E1E7FAD2B4D2FDD00655B04 /* SeSAC-Mission-Day10-CollectionView.app */,
			);
			name = Products;
			sourceTree = "<group>";
		};
		6E1E7FAF2B4D2FDD00655B04 /* SeSAC-Mission-Day10-CollectionView */ = {
			isa = PBXGroup;
			children = (
				6E1E7FC82B4D327D00655B04 /* Resource */,
				6E1E7FC72B4D327700655B04 /* Source */,
			);
			path = "SeSAC-Mission-Day10-CollectionView";
			sourceTree = "<group>";
		};
		6E1E7FC62B4D327100655B04 /* App */ = {
			isa = PBXGroup;
			children = (
				6E1E7FB02B4D2FDD00655B04 /* AppDelegate.swift */,
				6E1E7FB22B4D2FDD00655B04 /* SceneDelegate.swift */,
			);
			path = App;
			sourceTree = "<group>";
		};
		6E1E7FC72B4D327700655B04 /* Source */ = {
			isa = PBXGroup;
			children = (
				6E1E7FC62B4D327100655B04 /* App */,
				6E1E7FC92B4D33A100655B04 /* Config */,
				6E1E7FCA2B4D33F300655B04 /* Model */,
				6E1E7FCB2B4D33F800655B04 /* View */,
				6E1E7FD02B4D368900655B04 /* Utility */,
			);
			path = Source;
			sourceTree = "<group>";
		};
		6E1E7FC82B4D327D00655B04 /* Resource */ = {
			isa = PBXGroup;
			children = (
				6E1E7FB62B4D2FDD00655B04 /* Main.storyboard */,
				6E1E7FB92B4D2FDE00655B04 /* Assets.xcassets */,
				6E1E7FBB2B4D2FDE00655B04 /* LaunchScreen.storyboard */,
				6E1E7FD82B4D3EDF00655B04 /* CityCollectionViewCell.xib */,
			);
			path = Resource;
			sourceTree = "<group>";
		};
		6E1E7FC92B4D33A100655B04 /* Config */ = {
			isa = PBXGroup;
			children = (
				6E1E7FBE2B4D2FDE00655B04 /* Info.plist */,
			);
			path = Config;
			sourceTree = "<group>";
		};
		6E1E7FCA2B4D33F300655B04 /* Model */ = {
			isa = PBXGroup;
			children = (
				6E1E7FC42B4D326F00655B04 /* CityInfo.swift */,
			);
			path = Model;
			sourceTree = "<group>";
		};
		6E1E7FCB2B4D33F800655B04 /* View */ = {
			isa = PBXGroup;
			children = (
				6E1E7FB42B4D2FDD00655B04 /* CityViewController.swift */,
				6E1E7FCE2B4D351500655B04 /* HeaderView.swift */,
				6E1E7FD72B4D3EDF00655B04 /* CityCollectionViewCell.swift */,
			);
			path = View;
			sourceTree = "<group>";
		};
		6E1E7FD02B4D368900655B04 /* Utility */ = {
			isa = PBXGroup;
			children = (
				6E1E7FDE2B4D4F9D00655B04 /* Error */,
				6E1E7FD42B4D371300655B04 /* Constant */,
				6E1E7FD32B4D370E00655B04 /* Extension */,
			);
			path = Utility;
			sourceTree = "<group>";
		};
		6E1E7FD32B4D370E00655B04 /* Extension */ = {
			isa = PBXGroup;
			children = (
				6E1E7FD12B4D369B00655B04 /* UIImage+.swift */,
			);
			path = Extension;
			sourceTree = "<group>";
		};
		6E1E7FD42B4D371300655B04 /* Constant */ = {
			isa = PBXGroup;
			children = (
				6E1E7FD52B4D372400655B04 /* Constant.swift */,
			);
			path = Constant;
			sourceTree = "<group>";
		};
		6E1E7FDE2B4D4F9D00655B04 /* Error */ = {
			isa = PBXGroup;
			children = (
				6E1E7FDF2B4D4FB300655B04 /* CityError.swift */,
			);
			path = Error;
			sourceTree = "<group>";
		};
/* End PBXGroup section */

/* Begin PBXNativeTarget section */
		6E1E7FAC2B4D2FDD00655B04 /* SeSAC-Mission-Day10-CollectionView */ = {
			isa = PBXNativeTarget;
			buildConfigurationList = 6E1E7FC12B4D2FDE00655B04 /* Build configuration list for PBXNativeTarget "SeSAC-Mission-Day10-CollectionView" */;
			buildPhases = (
				6E1E7FA92B4D2FDD00655B04 /* Sources */,
				6E1E7FAA2B4D2FDD00655B04 /* Frameworks */,
				6E1E7FAB2B4D2FDD00655B04 /* Resources */,
			);
			buildRules = (
			);
			dependencies = (
			);
			name = "SeSAC-Mission-Day10-CollectionView";
			packageProductDependencies = (
				6E1E7FDC2B4D404F00655B04 /* Kingfisher */,
			);
			productName = "SeSAC-Mission-Day10-CollectionView";
			productReference = 6E1E7FAD2B4D2FDD00655B04 /* SeSAC-Mission-Day10-CollectionView.app */;
			productType = "com.apple.product-type.application";
		};
/* End PBXNativeTarget section */

/* Begin PBXProject section */
		6E1E7FA52B4D2FDD00655B04 /* Project object */ = {
			isa = PBXProject;
			attributes = {
				BuildIndependentTargetsInParallel = 1;
				LastSwiftUpdateCheck = 1510;
				LastUpgradeCheck = 1510;
				TargetAttributes = {
					6E1E7FAC2B4D2FDD00655B04 = {
						CreatedOnToolsVersion = 15.1;
					};
				};
			};
			buildConfigurationList = 6E1E7FA82B4D2FDD00655B04 /* Build configuration list for PBXProject "SeSAC-Mission-Day10-CollectionView" */;
			compatibilityVersion = "Xcode 14.0";
			developmentRegion = en;
			hasScannedForEncodings = 0;
			knownRegions = (
				en,
				Base,
			);
			mainGroup = 6E1E7FA42B4D2FDD00655B04;
			packageReferences = (
				6E1E7FDB2B4D404F00655B04 /* XCRemoteSwiftPackageReference "Kingfisher" */,
			);
			productRefGroup = 6E1E7FAE2B4D2FDD00655B04 /* Products */;
			projectDirPath = "";
			projectRoot = "";
			targets = (
				6E1E7FAC2B4D2FDD00655B04 /* SeSAC-Mission-Day10-CollectionView */,
			);
		};
/* End PBXProject section */

/* Begin PBXResourcesBuildPhase section */
		6E1E7FAB2B4D2FDD00655B04 /* Resources */ = {
			isa = PBXResourcesBuildPhase;
			buildActionMask = 2147483647;
			files = (
				6E1E7FBD2B4D2FDE00655B04 /* LaunchScreen.storyboard in Resources */,
				6E1E7FBA2B4D2FDE00655B04 /* Assets.xcassets in Resources */,
				6E1E7FB82B4D2FDD00655B04 /* Main.storyboard in Resources */,
				6E1E7FDA2B4D3EDF00655B04 /* CityCollectionViewCell.xib in Resources */,
			);
			runOnlyForDeploymentPostprocessing = 0;
		};
/* End PBXResourcesBuildPhase section */

/* Begin PBXSourcesBuildPhase section */
		6E1E7FA92B4D2FDD00655B04 /* Sources */ = {
			isa = PBXSourcesBuildPhase;
			buildActionMask = 2147483647;
			files = (
				6E1E7FD62B4D372400655B04 /* Constant.swift in Sources */,
				6E1E7FCF2B4D351500655B04 /* HeaderView.swift in Sources */,
				6E1E7FB52B4D2FDD00655B04 /* CityViewController.swift in Sources */,
				6E1E7FB12B4D2FDD00655B04 /* AppDelegate.swift in Sources */,
				6E1E7FD22B4D369B00655B04 /* UIImage+.swift in Sources */,
				6E1E7FC52B4D326F00655B04 /* CityInfo.swift in Sources */,
				6E1E7FE02B4D4FB300655B04 /* CityError.swift in Sources */,
				6E1E7FB32B4D2FDD00655B04 /* SceneDelegate.swift in Sources */,
				6E1E7FD92B4D3EDF00655B04 /* CityCollectionViewCell.swift in Sources */,
			);
			runOnlyForDeploymentPostprocessing = 0;
		};
/* End PBXSourcesBuildPhase section */

/* Begin PBXVariantGroup section */
		6E1E7FB62B4D2FDD00655B04 /* Main.storyboard */ = {
			isa = PBXVariantGroup;
			children = (
				6E1E7FB72B4D2FDD00655B04 /* Base */,
			);
			name = Main.storyboard;
			sourceTree = "<group>";
		};
		6E1E7FBB2B4D2FDE00655B04 /* LaunchScreen.storyboard */ = {
			isa = PBXVariantGroup;
			children = (
				6E1E7FBC2B4D2FDE00655B04 /* Base */,
			);
			name = LaunchScreen.storyboard;
			sourceTree = "<group>";
		};
/* End PBXVariantGroup section */

/* Begin XCBuildConfiguration section */
		6E1E7FBF2B4D2FDE00655B04 /* Debug */ = {
			isa = XCBuildConfiguration;
			buildSettings = {
				ALWAYS_SEARCH_USER_PATHS = NO;
				ASSETCATALOG_COMPILER_GENERATE_SWIFT_ASSET_SYMBOL_EXTENSIONS = YES;
				CLANG_ANALYZER_NONNULL = YES;
				CLANG_ANALYZER_NUMBER_OBJECT_CONVERSION = YES_AGGRESSIVE;
				CLANG_CXX_LANGUAGE_STANDARD = "gnu++20";
				CLANG_ENABLE_MODULES = YES;
				CLANG_ENABLE_OBJC_ARC = YES;
				CLANG_ENABLE_OBJC_WEAK = YES;
				CLANG_WARN_BLOCK_CAPTURE_AUTORELEASING = YES;
				CLANG_WARN_BOOL_CONVERSION = YES;
				CLANG_WARN_COMMA = YES;
				CLANG_WARN_CONSTANT_CONVERSION = YES;
				CLANG_WARN_DEPRECATED_OBJC_IMPLEMENTATIONS = YES;
				CLANG_WARN_DIRECT_OBJC_ISA_USAGE = YES_ERROR;
				CLANG_WARN_DOCUMENTATION_COMMENTS = YES;
				CLANG_WARN_EMPTY_BODY = YES;
				CLANG_WARN_ENUM_CONVERSION = YES;
				CLANG_WARN_INFINITE_RECURSION = YES;
				CLANG_WARN_INT_CONVERSION = YES;
				CLANG_WARN_NON_LITERAL_NULL_CONVERSION = YES;
				CLANG_WARN_OBJC_IMPLICIT_RETAIN_SELF = YES;
				CLANG_WARN_OBJC_LITERAL_CONVERSION = YES;
				CLANG_WARN_OBJC_ROOT_CLASS = YES_ERROR;
				CLANG_WARN_QUOTED_INCLUDE_IN_FRAMEWORK_HEADER = YES;
				CLANG_WARN_RANGE_LOOP_ANALYSIS = YES;
				CLANG_WARN_STRICT_PROTOTYPES = YES;
				CLANG_WARN_SUSPICIOUS_MOVE = YES;
				CLANG_WARN_UNGUARDED_AVAILABILITY = YES_AGGRESSIVE;
				CLANG_WARN_UNREACHABLE_CODE = YES;
				CLANG_WARN__DUPLICATE_METHOD_MATCH = YES;
				COPY_PHASE_STRIP = NO;
				DEBUG_INFORMATION_FORMAT = dwarf;
				ENABLE_STRICT_OBJC_MSGSEND = YES;
				ENABLE_TESTABILITY = YES;
				ENABLE_USER_SCRIPT_SANDBOXING = YES;
				GCC_C_LANGUAGE_STANDARD = gnu17;
				GCC_DYNAMIC_NO_PIC = NO;
				GCC_NO_COMMON_BLOCKS = YES;
				GCC_OPTIMIZATION_LEVEL = 0;
				GCC_PREPROCESSOR_DEFINITIONS = (
					"DEBUG=1",
					"$(inherited)",
				);
				GCC_WARN_64_TO_32_BIT_CONVERSION = YES;
				GCC_WARN_ABOUT_RETURN_TYPE = YES_ERROR;
				GCC_WARN_UNDECLARED_SELECTOR = YES;
				GCC_WARN_UNINITIALIZED_AUTOS = YES_AGGRESSIVE;
				GCC_WARN_UNUSED_FUNCTION = YES;
				GCC_WARN_UNUSED_VARIABLE = YES;
				IPHONEOS_DEPLOYMENT_TARGET = 17.2;
				LOCALIZATION_PREFERS_STRING_CATALOGS = YES;
				MTL_ENABLE_DEBUG_INFO = INCLUDE_SOURCE;
				MTL_FAST_MATH = YES;
				ONLY_ACTIVE_ARCH = YES;
				SDKROOT = iphoneos;
				SWIFT_ACTIVE_COMPILATION_CONDITIONS = "DEBUG $(inherited)";
				SWIFT_OPTIMIZATION_LEVEL = "-Onone";
			};
			name = Debug;
		};
		6E1E7FC02B4D2FDE00655B04 /* Release */ = {
			isa = XCBuildConfiguration;
			buildSettings = {
				ALWAYS_SEARCH_USER_PATHS = NO;
				ASSETCATALOG_COMPILER_GENERATE_SWIFT_ASSET_SYMBOL_EXTENSIONS = YES;
				CLANG_ANALYZER_NONNULL = YES;
				CLANG_ANALYZER_NUMBER_OBJECT_CONVERSION = YES_AGGRESSIVE;
				CLANG_CXX_LANGUAGE_STANDARD = "gnu++20";
				CLANG_ENABLE_MODULES = YES;
				CLANG_ENABLE_OBJC_ARC = YES;
				CLANG_ENABLE_OBJC_WEAK = YES;
				CLANG_WARN_BLOCK_CAPTURE_AUTORELEASING = YES;
				CLANG_WARN_BOOL_CONVERSION = YES;
				CLANG_WARN_COMMA = YES;
				CLANG_WARN_CONSTANT_CONVERSION = YES;
				CLANG_WARN_DEPRECATED_OBJC_IMPLEMENTATIONS = YES;
				CLANG_WARN_DIRECT_OBJC_ISA_USAGE = YES_ERROR;
				CLANG_WARN_DOCUMENTATION_COMMENTS = YES;
				CLANG_WARN_EMPTY_BODY = YES;
				CLANG_WARN_ENUM_CONVERSION = YES;
				CLANG_WARN_INFINITE_RECURSION = YES;
				CLANG_WARN_INT_CONVERSION = YES;
				CLANG_WARN_NON_LITERAL_NULL_CONVERSION = YES;
				CLANG_WARN_OBJC_IMPLICIT_RETAIN_SELF = YES;
				CLANG_WARN_OBJC_LITERAL_CONVERSION = YES;
				CLANG_WARN_OBJC_ROOT_CLASS = YES_ERROR;
				CLANG_WARN_QUOTED_INCLUDE_IN_FRAMEWORK_HEADER = YES;
				CLANG_WARN_RANGE_LOOP_ANALYSIS = YES;
				CLANG_WARN_STRICT_PROTOTYPES = YES;
				CLANG_WARN_SUSPICIOUS_MOVE = YES;
				CLANG_WARN_UNGUARDED_AVAILABILITY = YES_AGGRESSIVE;
				CLANG_WARN_UNREACHABLE_CODE = YES;
				CLANG_WARN__DUPLICATE_METHOD_MATCH = YES;
				COPY_PHASE_STRIP = NO;
				DEBUG_INFORMATION_FORMAT = "dwarf-with-dsym";
				ENABLE_NS_ASSERTIONS = NO;
				ENABLE_STRICT_OBJC_MSGSEND = YES;
				ENABLE_USER_SCRIPT_SANDBOXING = YES;
				GCC_C_LANGUAGE_STANDARD = gnu17;
				GCC_NO_COMMON_BLOCKS = YES;
				GCC_WARN_64_TO_32_BIT_CONVERSION = YES;
				GCC_WARN_ABOUT_RETURN_TYPE = YES_ERROR;
				GCC_WARN_UNDECLARED_SELECTOR = YES;
				GCC_WARN_UNINITIALIZED_AUTOS = YES_AGGRESSIVE;
				GCC_WARN_UNUSED_FUNCTION = YES;
				GCC_WARN_UNUSED_VARIABLE = YES;
				IPHONEOS_DEPLOYMENT_TARGET = 17.2;
				LOCALIZATION_PREFERS_STRING_CATALOGS = YES;
				MTL_ENABLE_DEBUG_INFO = NO;
				MTL_FAST_MATH = YES;
				SDKROOT = iphoneos;
				SWIFT_COMPILATION_MODE = wholemodule;
				VALIDATE_PRODUCT = YES;
			};
			name = Release;
		};
		6E1E7FC22B4D2FDE00655B04 /* Debug */ = {
			isa = XCBuildConfiguration;
			buildSettings = {
				ASSETCATALOG_COMPILER_APPICON_NAME = AppIcon;
				ASSETCATALOG_COMPILER_GLOBAL_ACCENT_COLOR_NAME = AccentColor;
				CODE_SIGN_STYLE = Automatic;
				CURRENT_PROJECT_VERSION = 1;
				DEVELOPMENT_TEAM = 75QZ7682T2;
				GENERATE_INFOPLIST_FILE = YES;
				INFOPLIST_FILE = "SeSAC-Mission-Day10-CollectionView/Source/Config/Info.plist";
				INFOPLIST_KEY_UIApplicationSupportsIndirectInputEvents = YES;
				INFOPLIST_KEY_UILaunchStoryboardName = LaunchScreen;
				INFOPLIST_KEY_UIMainStoryboardFile = Main;
				INFOPLIST_KEY_UISupportedInterfaceOrientations_iPad = "UIInterfaceOrientationPortrait UIInterfaceOrientationPortraitUpsideDown UIInterfaceOrientationLandscapeLeft UIInterfaceOrientationLandscapeRight";
				INFOPLIST_KEY_UISupportedInterfaceOrientations_iPhone = "UIInterfaceOrientationPortrait UIInterfaceOrientationLandscapeLeft UIInterfaceOrientationLandscapeRight";
				IPHONEOS_DEPLOYMENT_TARGET = 17.0;
				LD_RUNPATH_SEARCH_PATHS = (
					"$(inherited)",
					"@executable_path/Frameworks",
				);
				MARKETING_VERSION = 1.0;
				PRODUCT_BUNDLE_IDENTIFIER = "com.Kaz.SeSAC-Mission-Day10-CollectionView";
				PRODUCT_NAME = "$(TARGET_NAME)";
				SWIFT_EMIT_LOC_STRINGS = YES;
				SWIFT_VERSION = 5.0;
				TARGETED_DEVICE_FAMILY = "1,2";
			};
			name = Debug;
		};
		6E1E7FC32B4D2FDE00655B04 /* Release */ = {
			isa = XCBuildConfiguration;
			buildSettings = {
				ASSETCATALOG_COMPILER_APPICON_NAME = AppIcon;
				ASSETCATALOG_COMPILER_GLOBAL_ACCENT_COLOR_NAME = AccentColor;
				CODE_SIGN_STYLE = Automatic;
				CURRENT_PROJECT_VERSION = 1;
				DEVELOPMENT_TEAM = 75QZ7682T2;
				GENERATE_INFOPLIST_FILE = YES;
				INFOPLIST_FILE = "SeSAC-Mission-Day10-CollectionView/Source/Config/Info.plist";
				INFOPLIST_KEY_UIApplicationSupportsIndirectInputEvents = YES;
				INFOPLIST_KEY_UILaunchStoryboardName = LaunchScreen;
				INFOPLIST_KEY_UIMainStoryboardFile = Main;
				INFOPLIST_KEY_UISupportedInterfaceOrientations_iPad = "UIInterfaceOrientationPortrait UIInterfaceOrientationPortraitUpsideDown UIInterfaceOrientationLandscapeLeft UIInterfaceOrientationLandscapeRight";
				INFOPLIST_KEY_UISupportedInterfaceOrientations_iPhone = "UIInterfaceOrientationPortrait UIInterfaceOrientationLandscapeLeft UIInterfaceOrientationLandscapeRight";
				IPHONEOS_DEPLOYMENT_TARGET = 17.0;
				LD_RUNPATH_SEARCH_PATHS = (
					"$(inherited)",
					"@executable_path/Frameworks",
				);
				MARKETING_VERSION = 1.0;
				PRODUCT_BUNDLE_IDENTIFIER = "com.Kaz.SeSAC-Mission-Day10-CollectionView";
				PRODUCT_NAME = "$(TARGET_NAME)";
				SWIFT_EMIT_LOC_STRINGS = YES;
				SWIFT_VERSION = 5.0;
				TARGETED_DEVICE_FAMILY = "1,2";
			};
			name = Release;
		};
/* End XCBuildConfiguration section */

/* Begin XCConfigurationList section */
		6E1E7FA82B4D2FDD00655B04 /* Build configuration list for PBXProject "SeSAC-Mission-Day10-CollectionView" */ = {
			isa = XCConfigurationList;
			buildConfigurations = (
				6E1E7FBF2B4D2FDE00655B04 /* Debug */,
				6E1E7FC02B4D2FDE00655B04 /* Release */,
			);
			defaultConfigurationIsVisible = 0;
			defaultConfigurationName = Release;
		};
		6E1E7FC12B4D2FDE00655B04 /* Build configuration list for PBXNativeTarget "SeSAC-Mission-Day10-CollectionView" */ = {
			isa = XCConfigurationList;
			buildConfigurations = (
				6E1E7FC22B4D2FDE00655B04 /* Debug */,
				6E1E7FC32B4D2FDE00655B04 /* Release */,
			);
			defaultConfigurationIsVisible = 0;
			defaultConfigurationName = Release;
		};
/* End XCConfigurationList section */

/* Begin XCRemoteSwiftPackageReference section */
		6E1E7FDB2B4D404F00655B04 /* XCRemoteSwiftPackageReference "Kingfisher" */ = {
			isa = XCRemoteSwiftPackageReference;
			repositoryURL = "https://github.com/onevcat/Kingfisher";
			requirement = {
				kind = upToNextMajorVersion;
				minimumVersion = 7.10.1;
			};
		};
/* End XCRemoteSwiftPackageReference section */

/* Begin XCSwiftPackageProductDependency section */
		6E1E7FDC2B4D404F00655B04 /* Kingfisher */ = {
			isa = XCSwiftPackageProductDependency;
			package = 6E1E7FDB2B4D404F00655B04 /* XCRemoteSwiftPackageReference "Kingfisher" */;
			productName = Kingfisher;
		};
/* End XCSwiftPackageProductDependency section */
	};
	rootObject = 6E1E7FA52B4D2FDD00655B04 /* Project object */;
}
